// !$*UTF8*$!
{
	archiveVersion = 1;
	classes = {
	};
	objectVersion = 46;
	objects = {

/* Begin PBXBuildFile section */
		477940E519B4346E00F7793E /* AppDelegate.swift in Sources */ = {isa = PBXBuildFile; fileRef = 477940E419B4346E00F7793E /* AppDelegate.swift */; };
		477940E719B4346E00F7793E /* ViewController.swift in Sources */ = {isa = PBXBuildFile; fileRef = 477940E619B4346E00F7793E /* ViewController.swift */; };
		477940EA19B4346E00F7793E /* Main.storyboard in Resources */ = {isa = PBXBuildFile; fileRef = 477940E819B4346E00F7793E /* Main.storyboard */; };
		477940EC19B4346E00F7793E /* Images.xcassets in Resources */ = {isa = PBXBuildFile; fileRef = 477940EB19B4346E00F7793E /* Images.xcassets */; };
		477940F819B4346E00F7793E /* PhaseThrowTests.swift in Sources */ = {isa = PBXBuildFile; fileRef = 477940F719B4346E00F7793E /* PhaseThrowTests.swift */; };
		4779410219B437BD00F7793E /* nounlist.txt in Resources */ = {isa = PBXBuildFile; fileRef = 4779410119B437BD00F7793E /* nounlist.txt */; };
		4779410419B4380000F7793E /* NounDictionary.swift in Sources */ = {isa = PBXBuildFile; fileRef = 4779410319B4380000F7793E /* NounDictionary.swift */; };
/* End PBXBuildFile section */

/* Begin PBXContainerItemProxy section */
		477940F219B4346E00F7793E /* PBXContainerItemProxy */ = {
			isa = PBXContainerItemProxy;
			containerPortal = 477940D719B4346D00F7793E /* Project object */;
			proxyType = 1;
			remoteGlobalIDString = 477940DE19B4346E00F7793E;
			remoteInfo = PhaseThrow;
		};
/* End PBXContainerItemProxy section */

/* Begin PBXFileReference section */
		477940DF19B4346E00F7793E /* PhaseThrow.app */ = {isa = PBXFileReference; explicitFileType = wrapper.application; includeInIndex = 0; path = PhaseThrow.app; sourceTree = BUILT_PRODUCTS_DIR; };
		477940E319B4346E00F7793E /* Info.plist */ = {isa = PBXFileReference; lastKnownFileType = text.plist.xml; path = Info.plist; sourceTree = "<group>"; };
		477940E419B4346E00F7793E /* AppDelegate.swift */ = {isa = PBXFileReference; lastKnownFileType = sourcecode.swift; path = AppDelegate.swift; sourceTree = "<group>"; };
		477940E619B4346E00F7793E /* ViewController.swift */ = {isa = PBXFileReference; lastKnownFileType = sourcecode.swift; path = ViewController.swift; sourceTree = "<group>"; };
		477940E919B4346E00F7793E /* Base */ = {isa = PBXFileReference; lastKnownFileType = file.storyboard; name = Base; path = Base.lproj/Main.storyboard; sourceTree = "<group>"; };
		477940EB19B4346E00F7793E /* Images.xcassets */ = {isa = PBXFileReference; lastKnownFileType = folder.assetcatalog; path = Images.xcassets; sourceTree = "<group>"; };
		477940F119B4346E00F7793E /* PhaseThrowTests.xctest */ = {isa = PBXFileReference; explicitFileType = wrapper.cfbundle; includeInIndex = 0; path = PhaseThrowTests.xctest; sourceTree = BUILT_PRODUCTS_DIR; };
		477940F619B4346E00F7793E /* Info.plist */ = {isa = PBXFileReference; lastKnownFileType = text.plist.xml; path = Info.plist; sourceTree = "<group>"; };
		477940F719B4346E00F7793E /* PhaseThrowTests.swift */ = {isa = PBXFileReference; lastKnownFileType = sourcecode.swift; path = PhaseThrowTests.swift; sourceTree = "<group>"; };
		4779410119B437BD00F7793E /* nounlist.txt */ = {isa = PBXFileReference; fileEncoding = 4; lastKnownFileType = text; path = nounlist.txt; sourceTree = "<group>"; };
		4779410319B4380000F7793E /* NounDictionary.swift */ = {isa = PBXFileReference; fileEncoding = 4; lastKnownFileType = sourcecode.swift; path = NounDictionary.swift; sourceTree = "<group>"; };
/* End PBXFileReference section */

/* Begin PBXFrameworksBuildPhase section */
		477940DC19B4346E00F7793E /* Frameworks */ = {
			isa = PBXFrameworksBuildPhase;
			buildActionMask = 2147483647;
			files = (
			);
			runOnlyForDeploymentPostprocessing = 0;
		};
		477940EE19B4346E00F7793E /* Frameworks */ = {
			isa = PBXFrameworksBuildPhase;
			buildActionMask = 2147483647;
			files = (
			);
			runOnlyForDeploymentPostprocessing = 0;
		};
/* End PBXFrameworksBuildPhase section */

/* Begin PBXGroup section */
		477940D619B4346D00F7793E = {
			isa = PBXGroup;
			children = (
				477940E119B4346E00F7793E /* PhaseThrow */,
				477940F419B4346E00F7793E /* PhaseThrowTests */,
				477940E019B4346E00F7793E /* Products */,
			);
			sourceTree = "<group>";
		};
		477940E019B4346E00F7793E /* Products */ = {
			isa = PBXGroup;
			children = (
				477940DF19B4346E00F7793E /* PhaseThrow.app */,
				477940F119B4346E00F7793E /* PhaseThrowTests.xctest */,
			);
			name = Products;
			sourceTree = "<group>";
		};
		477940E119B4346E00F7793E /* PhaseThrow */ = {
			isa = PBXGroup;
			children = (
				477940E419B4346E00F7793E /* AppDelegate.swift */,
				477940E619B4346E00F7793E /* ViewController.swift */,
				477940E819B4346E00F7793E /* Main.storyboard */,
				477940EB19B4346E00F7793E /* Images.xcassets */,
				477940E219B4346E00F7793E /* Supporting Files */,
			);
			path = PhaseThrow;
			sourceTree = "<group>";
		};
		477940E219B4346E00F7793E /* Supporting Files */ = {
			isa = PBXGroup;
			children = (
				4779410119B437BD00F7793E /* nounlist.txt */,
				477940E319B4346E00F7793E /* Info.plist */,
				4779410319B4380000F7793E /* NounDictionary.swift */,
			);
			name = "Supporting Files";
			sourceTree = "<group>";
		};
		477940F419B4346E00F7793E /* PhaseThrowTests */ = {
			isa = PBXGroup;
			children = (
				477940F719B4346E00F7793E /* PhaseThrowTests.swift */,
				477940F519B4346E00F7793E /* Supporting Files */,
			);
			path = PhaseThrowTests;
			sourceTree = "<group>";
		};
		477940F519B4346E00F7793E /* Supporting Files */ = {
			isa = PBXGroup;
			children = (
				477940F619B4346E00F7793E /* Info.plist */,
			);
			name = "Supporting Files";
			sourceTree = "<group>";
		};
/* End PBXGroup section */

/* Begin PBXNativeTarget section */
		477940DE19B4346E00F7793E /* PhaseThrow */ = {
			isa = PBXNativeTarget;
			buildConfigurationList = 477940FB19B4346E00F7793E /* Build configuration list for PBXNativeTarget "PhaseThrow" */;
			buildPhases = (
				477940DB19B4346E00F7793E /* Sources */,
				477940DC19B4346E00F7793E /* Frameworks */,
				477940DD19B4346E00F7793E /* Resources */,
			);
			buildRules = (
			);
			dependencies = (
			);
			name = PhaseThrow;
			productName = PhaseThrow;
			productReference = 477940DF19B4346E00F7793E /* PhaseThrow.app */;
			productType = "com.apple.product-type.application";
		};
		477940F019B4346E00F7793E /* PhaseThrowTests */ = {
			isa = PBXNativeTarget;
			buildConfigurationList = 477940FE19B4346E00F7793E /* Build configuration list for PBXNativeTarget "PhaseThrowTests" */;
			buildPhases = (
				477940ED19B4346E00F7793E /* Sources */,
				477940EE19B4346E00F7793E /* Frameworks */,
				477940EF19B4346E00F7793E /* Resources */,
			);
			buildRules = (
			);
			dependencies = (
				477940F319B4346E00F7793E /* PBXTargetDependency */,
			);
			name = PhaseThrowTests;
			productName = PhaseThrowTests;
			productReference = 477940F119B4346E00F7793E /* PhaseThrowTests.xctest */;
			productType = "com.apple.product-type.bundle.unit-test";
		};
/* End PBXNativeTarget section */

/* Begin PBXProject section */
		477940D719B4346D00F7793E /* Project object */ = {
			isa = PBXProject;
			attributes = {
				LastUpgradeCheck = 0600;
				ORGANIZATIONNAME = "Arjun Puri";
				TargetAttributes = {
					477940DE19B4346E00F7793E = {
						CreatedOnToolsVersion = 6.0;
					};
					477940F019B4346E00F7793E = {
						CreatedOnToolsVersion = 6.0;
						TestTargetID = 477940DE19B4346E00F7793E;
					};
				};
			};
			buildConfigurationList = 477940DA19B4346E00F7793E /* Build configuration list for PBXProject "PhaseThrow" */;
			compatibilityVersion = "Xcode 3.2";
			developmentRegion = English;
			hasScannedForEncodings = 0;
			knownRegions = (
				en,
				Base,
			);
			mainGroup = 477940D619B4346D00F7793E;
			productRefGroup = 477940E019B4346E00F7793E /* Products */;
			projectDirPath = "";
			projectRoot = "";
			targets = (
				477940DE19B4346E00F7793E /* PhaseThrow */,
				477940F019B4346E00F7793E /* PhaseThrowTests */,
			);
		};
/* End PBXProject section */

/* Begin PBXResourcesBuildPhase section */
		477940DD19B4346E00F7793E /* Resources */ = {
			isa = PBXResourcesBuildPhase;
			buildActionMask = 2147483647;
			files = (
				4779410219B437BD00F7793E /* nounlist.txt in Resources */,
				477940EA19B4346E00F7793E /* Main.storyboard in Resources */,
				477940EC19B4346E00F7793E /* Images.xcassets in Resources */,
			);
			runOnlyForDeploymentPostprocessing = 0;
		};
		477940EF19B4346E00F7793E /* Resources */ = {
			isa = PBXResourcesBuildPhase;
			buildActionMask = 2147483647;
			files = (
			);
			runOnlyForDeploymentPostprocessing = 0;
		};
/* End PBXResourcesBuildPhase section */

/* Begin PBXSourcesBuildPhase section */
		477940DB19B4346E00F7793E /* Sources */ = {
			isa = PBXSourcesBuildPhase;
			buildActionMask = 2147483647;
			files = (
				4779410419B4380000F7793E /* NounDictionary.swift in Sources */,
				477940E719B4346E00F7793E /* ViewController.swift in Sources */,
				477940E519B4346E00F7793E /* AppDelegate.swift in Sources */,
			);
			runOnlyForDeploymentPostprocessing = 0;
		};
		477940ED19B4346E00F7793E /* Sources */ = {
			isa = PBXSourcesBuildPhase;
			buildActionMask = 2147483647;
			files = (
				477940F819B4346E00F7793E /* PhaseThrowTests.swift in Sources */,
			);
			runOnlyForDeploymentPostprocessing = 0;
		};
/* End PBXSourcesBuildPhase section */

/* Begin PBXTargetDependency section */
		477940F319B4346E00F7793E /* PBXTargetDependency */ = {
			isa = PBXTargetDependency;
			target = 477940DE19B4346E00F7793E /* PhaseThrow */;
			targetProxy = 477940F219B4346E00F7793E /* PBXContainerItemProxy */;
		};
/* End PBXTargetDependency section */

/* Begin PBXVariantGroup section */
		477940E819B4346E00F7793E /* Main.storyboard */ = {
			isa = PBXVariantGroup;
			children = (
				477940E919B4346E00F7793E /* Base */,
			);
			name = Main.storyboard;
			sourceTree = "<group>";
		};
/* End PBXVariantGroup section */

/* Begin XCBuildConfiguration section */
		477940F919B4346E00F7793E /* Debug */ = {
			isa = XCBuildConfiguration;
			buildSettings = {
				ALWAYS_SEARCH_USER_PATHS = NO;
				CLANG_CXX_LANGUAGE_STANDARD = "gnu++0x";
				CLANG_CXX_LIBRARY = "libc++";
				CLANG_ENABLE_MODULES = YES;
				CLANG_ENABLE_OBJC_ARC = YES;
				CLANG_WARN_BOOL_CONVERSION = YES;
				CLANG_WARN_CONSTANT_CONVERSION = YES;
				CLANG_WARN_DIRECT_OBJC_ISA_USAGE = YES_ERROR;
				CLANG_WARN_EMPTY_BODY = YES;
				CLANG_WARN_ENUM_CONVERSION = YES;
				CLANG_WARN_INT_CONVERSION = YES;
				CLANG_WARN_OBJC_ROOT_CLASS = YES_ERROR;
				CLANG_WARN_UNREACHABLE_CODE = YES;
				CLANG_WARN__DUPLICATE_METHOD_MATCH = YES;
				"CODE_SIGN_IDENTITY[sdk=iphoneos*]" = "iPhone Developer";
				COPY_PHASE_STRIP = NO;
				ENABLE_STRICT_OBJC_MSGSEND = YES;
				GCC_C_LANGUAGE_STANDARD = gnu99;
				GCC_DYNAMIC_NO_PIC = NO;
				GCC_OPTIMIZATION_LEVEL = 0;
				GCC_PREPROCESSOR_DEFINITIONS = (
					"DEBUG=1",
					"$(inherited)",
				);
				GCC_SYMBOLS_PRIVATE_EXTERN = NO;
				GCC_WARN_64_TO_32_BIT_CONVERSION = YES;
				GCC_WARN_ABOUT_RETURN_TYPE = YES_ERROR;
				GCC_WARN_UNDECLARED_SELECTOR = YES;
				GCC_WARN_UNINITIALIZED_AUTOS = YES_AGGRESSIVE;
				GCC_WARN_UNUSED_FUNCTION = YES;
				GCC_WARN_UNUSED_VARIABLE = YES;
				IPHONEOS_DEPLOYMENT_TARGET = 8.0;
				MTL_ENABLE_DEBUG_INFO = YES;
				ONLY_ACTIVE_ARCH = YES;
				SDKROOT = iphoneos;
				SWIFT_OPTIMIZATION_LEVEL = "-Onone";
			};
			name = Debug;
		};
		477940FA19B4346E00F7793E /* Release */ = {
			isa = XCBuildConfiguration;
			buildSettings = {
				ALWAYS_SEARCH_USER_PATHS = NO;
				CLANG_CXX_LANGUAGE_STANDARD = "gnu++0x";
				CLANG_CXX_LIBRARY = "libc++";
				CLANG_ENABLE_MODULES = YES;
				CLANG_ENABLE_OBJC_ARC = YES;
				CLANG_WARN_BOOL_CONVERSION = YES;
				CLANG_WARN_CONSTANT_CONVERSION = YES;
				CLANG_WARN_DIRECT_OBJC_ISA_USAGE = YES_ERROR;
				CLANG_WARN_EMPTY_BODY = YES;
				CLANG_WARN_ENUM_CONVERSION = YES;
				CLANG_WARN_INT_CONVERSION = YES;
				CLANG_WARN_OBJC_ROOT_CLASS = YES_ERROR;
				CLANG_WARN_UNREACHABLE_CODE = YES;
				CLANG_WARN__DUPLICATE_METHOD_MATCH = YES;
				"CODE_SIGN_IDENTITY[sdk=iphoneos*]" = "iPhone Developer";
				COPY_PHASE_STRIP = YES;
				ENABLE_NS_ASSERTIONS = NO;
				ENABLE_STRICT_OBJC_MSGSEND = YES;
				GCC_C_LANGUAGE_STANDARD = gnu99;
				GCC_WARN_64_TO_32_BIT_CONVERSION = YES;
				GCC_WARN_ABOUT_RETURN_TYPE = YES_ERROR;
				GCC_WARN_UNDECLARED_SELECTOR = YES;
				GCC_WARN_UNINITIALIZED_AUTOS = YES_AGGRESSIVE;
				GCC_WARN_UNUSED_FUNCTION = YES;
				GCC_WARN_UNUSED_VARIABLE = YES;
				IPHONEOS_DEPLOYMENT_TARGET = 8.0;
				MTL_ENABLE_DEBUG_INFO = NO;
				SDKROOT = iphoneos;
				VALIDATE_PRODUCT = YES;
			};
			name = Release;
		};
		477940FC19B4346E00F7793E /* Debug */ = {
			isa = XCBuildConfiguration;
			buildSettings = {
				ASSETCATALOG_COMPILER_APPICON_NAME = AppIcon;
				ASSETCATALOG_COMPILER_LAUNCHIMAGE_NAME = LaunchImage;
				INFOPLIST_FILE = PhaseThrow/Info.plist;
				LD_RUNPATH_SEARCH_PATHS = "$(inherited) @executable_path/Frameworks";
				PRODUCT_NAME = "$(TARGET_NAME)";
			};
			name = Debug;
		};
		477940FD19B4346E00F7793E /* Release */ = {
			isa = XCBuildConfiguration;
			buildSettings = {
				ASSETCATALOG_COMPILER_APPICON_NAME = AppIcon;
				ASSETCATALOG_COMPILER_LAUNCHIMAGE_NAME = LaunchImage;
				INFOPLIST_FILE = PhaseThrow/Info.plist;
				LD_RUNPATH_SEARCH_PATHS = "$(inherited) @executable_path/Frameworks";
				PRODUCT_NAME = "$(TARGET_NAME)";
			};
			name = Release;
		};
		477940FF19B4346E00F7793E /* Debug */ = {
			isa = XCBuildConfiguration;
			buildSettings = {
				BUNDLE_LOADER = "$(TEST_HOST)";
				FRAMEWORK_SEARCH_PATHS = (
					"$(SDKROOT)/Developer/Library/Frameworks",
					"$(inherited)",
				);
				GCC_PREPROCESSOR_DEFINITIONS = (
					"DEBUG=1",
					"$(inherited)",
				);
				INFOPLIST_FILE = PhaseThrowTests/Info.plist;
				LD_RUNPATH_SEARCH_PATHS = "$(inherited) @executable_path/Frameworks @loader_path/Frameworks";
				PRODUCT_NAME = "$(TARGET_NAME)";
				TEST_HOST = "$(BUILT_PRODUCTS_DIR)/PhaseThrow.app/PhaseThrow";
			};
			name = Debug;
		};
		4779410019B4346E00F7793E /* Release */ = {
			isa = XCBuildConfiguration;
			buildSettings = {
				BUNDLE_LOADER = "$(TEST_HOST)";
				FRAMEWORK_SEARCH_PATHS = (
					"$(SDKROOT)/Developer/Library/Frameworks",
					"$(inherited)",
				);
				INFOPLIST_FILE = PhaseThrowTests/Info.plist;
				LD_RUNPATH_SEARCH_PATHS = "$(inherited) @executable_path/Frameworks @loader_path/Frameworks";
				PRODUCT_NAME = "$(TARGET_NAME)";
				TEST_HOST = "$(BUILT_PRODUCTS_DIR)/PhaseThrow.app/PhaseThrow";
			};
			name = Release;
		};
/* End XCBuildConfiguration section */

/* Begin XCConfigurationList section */
		477940DA19B4346E00F7793E /* Build configuration list for PBXProject "PhaseThrow" */ = {
			isa = XCConfigurationList;
			buildConfigurations = (
				477940F919B4346E00F7793E /* Debug */,
				477940FA19B4346E00F7793E /* Release */,
			);
			defaultConfigurationIsVisible = 0;
			defaultConfigurationName = Release;
		};
		477940FB19B4346E00F7793E /* Build configuration list for PBXNativeTarget "PhaseThrow" */ = {
			isa = XCConfigurationList;
			buildConfigurations = (
				477940FC19B4346E00F7793E /* Debug */,
				477940FD19B4346E00F7793E /* Release */,
			);
			defaultConfigurationIsVisible = 0;
		};
		477940FE19B4346E00F7793E /* Build configuration list for PBXNativeTarget "PhaseThrowTests" */ = {
			isa = XCConfigurationList;
			buildConfigurations = (
				477940FF19B4346E00F7793E /* Debug */,
				4779410019B4346E00F7793E /* Release */,
			);
			defaultConfigurationIsVisible = 0;
		};
/* End XCConfigurationList section */
	};
	rootObject = 477940D719B4346D00F7793E /* Project object */;
}
